
Microsoft Visual Studio Solution File, Format Version 12.00
# Visual Studio Version 17
VisualStudioVersion = 17.12.35521.163 d17.12
MinimumVisualStudioVersion = 10.0.40219.1
Project("{FAE04EC0-301F-11D3-BF4B-00C04F79EFBC}") = "Calculator", "Calculator\Calculator.csproj", "{CE381B60-B43F-4F04-821E-9EA58DB956BC}"
EndProject
Global
	GlobalSection(SolutionConfigurationPlatforms) = preSolution
		Debug|Any CPU = Debug|Any CPU
		Release|Any CPU = Release|Any CPU
	EndGlobalSection
	GlobalSection(ProjectConfigurationPlatforms) = postSolution
		{CE381B60-B43F-4F04-821E-9EA58DB956BC}.Debug|Any CPU.ActiveCfg = Debug|Any CPU
		{CE381B60-B43F-4F04-821E-9EA58DB956BC}.Debug|Any CPU.Build.0 = Debug|Any CPU
		{CE381B60-B43F-4F04-821E-9EA58DB956BC}.Release|Any CPU.ActiveCfg = Release|Any CPU
		{CE381B60-B43F-4F04-821E-9EA58DB956BC}.Release|Any CPU.Build.0 = Release|Any CPU
	EndGlobalSection
	GlobalSection(SolutionProperties) = preSolution
		HideSolutionNode = FALSE
	EndGlobalSection
EndGlobal
